{
  "nodes": {
    "nix-darwin": {
      "inputs": {
        "nixpkgs": [
          "nixpkgs"
        ]
      },
      "locked": {
        "lastModified": 1743350051,
        "narHash": "sha256-QtVfBQe5VBnRPP5ustegPlsTdV/SZzt8akOIN5Hlwjk=",
        "owner": "nix-darwin",
        "repo": "nix-darwin",
        "rev": "eaff8219d629bb86e71e3274e1b7915014e7fb22",
        "type": "github"
      },
      "original": {
        "owner": "nix-darwin",
        "ref": "master",
        "repo": "nix-darwin",
        "type": "github"
      }
    },
    "nixpkgs": {
      "locked": {
        "lastModified": 1743076231,
        "narHash": "sha256-yQugdVfi316qUfqzN8JMaA2vixl+45GxNm4oUfXlbgw=",
        "owner": "NixOS",
        "repo": "nixpkgs",
        "rev": "6c5963357f3c1c840201eda129a99d455074db04",
        "type": "github"
      },
      "original": {
        "owner": "NixOS",
        "ref": "nixpkgs-unstable",
        "repo": "nixpkgs",
        "type": "github"
      }
    },
    "root": {
      "inputs": {
        "nix-darwin": "nix-darwin",
        "nixpkgs": "nixpkgs"
      }
    }
  },
  "root": "root",
  "version": 7
}
